{
  "name": "flexspace-agent-demo",
  "version": "1.0.0",
  "lockfileVersion": 3,
  "requires": true,
  "packages": {
    "": {
      "name": "flexspace-agent-demo",
      "version": "1.0.0",
      "dependencies": {
        "retell-sdk": "^5.0.0"
      }
    },
    "node_modules/retell-sdk": {
      "version": "5.4.0",
      "resolved": "https://registry.npmjs.org/retell-sdk/-/retell-sdk-5.4.0.tgz",
      "integrity": "sha512-mdLoBivoZ1UqYaCQFNFiTJNkzG3ftUtGZnj2BwBLe3qLQJel8XcH+16OEbHgemIPeBqBULSNz0YhXWW5BKzr0Q==",
      "license": "Apache-2.0"
    }
  }
}
